
Microsoft Visual Studio Solution File, Format Version 12.00
# Visual Studio Version 17
VisualStudioVersion = 17.11.35303.130
MinimumVisualStudioVersion = 10.0.40219.1
Project("{FAE04EC0-301F-11D3-BF4B-00C04F79EFBC}") = "Volodicheva_Project_4", "Volodicheva_Project_4\Volodicheva_Project_4.csproj", "{BAA9C3DB-0F67-416D-A169-1BF3BF75B41A}"
EndProject
Project("{FAE04EC0-301F-11D3-BF4B-00C04F79EFBC}") = "ProjectManager", "ProjectManager\ProjectManager.csproj", "{9C616618-0108-47EC-AFA4-82DE86857F58}"
EndProject
Global
	GlobalSection(SolutionConfigurationPlatforms) = preSolution
		Debug|Any CPU = Debug|Any CPU
		Release|Any CPU = Release|Any CPU
	EndGlobalSection
	GlobalSection(ProjectConfigurationPlatforms) = postSolution
		{BAA9C3DB-0F67-416D-A169-1BF3BF75B41A}.Debug|Any CPU.ActiveCfg = Debug|Any CPU
		{BAA9C3DB-0F67-416D-A169-1BF3BF75B41A}.Debug|Any CPU.Build.0 = Debug|Any CPU
		{BAA9C3DB-0F67-416D-A169-1BF3BF75B41A}.Release|Any CPU.ActiveCfg = Release|Any CPU
		{BAA9C3DB-0F67-416D-A169-1BF3BF75B41A}.Release|Any CPU.Build.0 = Release|Any CPU
		{9C616618-0108-47EC-AFA4-82DE86857F58}.Debug|Any CPU.ActiveCfg = Debug|Any CPU
		{9C616618-0108-47EC-AFA4-82DE86857F58}.Debug|Any CPU.Build.0 = Debug|Any CPU
		{9C616618-0108-47EC-AFA4-82DE86857F58}.Release|Any CPU.ActiveCfg = Release|Any CPU
		{9C616618-0108-47EC-AFA4-82DE86857F58}.Release|Any CPU.Build.0 = Release|Any CPU
	EndGlobalSection
	GlobalSection(SolutionProperties) = preSolution
		HideSolutionNode = FALSE
	EndGlobalSection
	GlobalSection(ExtensibilityGlobals) = postSolution
		SolutionGuid = {CDE1D539-F617-4B83-99F7-8EF081BA8137}
	EndGlobalSection
EndGlobal
